
Microsoft Visual Studio Solution File, Format Version 12.00
# Visual Studio 15
VisualStudioVersion = 15.0.26228.9
MinimumVisualStudioVersion = 10.0.40219.1
Project("{FAE04EC0-301F-11D3-BF4B-00C04F79EFBC}") = "Ll2NativeTests", "Ll2NativeTests\Ll2NativeTests.csproj", "{2B138229-A05A-477D-9063-833A0C9E674D}"
EndProject
Project("{FAE04EC0-301F-11D3-BF4B-00C04F79EFBC}") = "Il2Native.Logic", "Il2Native.Logic\Il2Native.Logic.csproj", "{8F2A92D0-8862-4CF7-9C95-120681F5A689}"
EndProject
Project("{FAE04EC0-301F-11D3-BF4B-00C04F79EFBC}") = "Il2Native.CmdLine", "Il2Native\Il2Native.CmdLine.csproj", "{A5344EFC-0550-4C3B-B066-9841645ECE1B}"
EndProject
Project("{FAE04EC0-301F-11D3-BF4B-00C04F79EFBC}") = "CodeAnalysis", "CoreSource\CodeAnalysis.csproj", "{1EE8CAD3-55F9-4D91-96B2-084641DA9A6C}"
EndProject
Project("{FAE04EC0-301F-11D3-BF4B-00C04F79EFBC}") = "CSharpCodeAnalysis", "CSharpSource\CSharpCodeAnalysis.csproj", "{B501A547-C911-4A05-AC6E-274A50DFF30E}"
EndProject
Project("{FAE04EC0-301F-11D3-BF4B-00C04F79EFBC}") = "CoreLib", "CoreLib\CoreLib.csproj", "{870F71A1-76E0-4F6D-9651-42E9FCEBC294}"
EndProject
Project("{2150E333-8FDC-42A3-9474-1A3956D46DE8}") = "Solution Items", "Solution Items", "{23D6F100-DA7F-45E5-B142-06BBC5F80883}"
	ProjectSection(SolutionItems) = preProject
		README.md = README.md
	EndProjectSection
EndProject
Project("{2150E333-8FDC-42A3-9474-1A3956D46DE8}") = "Roslyn", "Roslyn", "{2E6BAEEC-54CA-45D7-9603-ECBDC777052D}"
EndProject
Global
	GlobalSection(SolutionConfigurationPlatforms) = preSolution
		Debug|Any CPU = Debug|Any CPU
		Release|Any CPU = Release|Any CPU
	EndGlobalSection
	GlobalSection(ProjectConfigurationPlatforms) = postSolution
		{2B138229-A05A-477D-9063-833A0C9E674D}.Debug|Any CPU.ActiveCfg = Debug|Any CPU
		{2B138229-A05A-477D-9063-833A0C9E674D}.Debug|Any CPU.Build.0 = Debug|Any CPU
		{2B138229-A05A-477D-9063-833A0C9E674D}.Release|Any CPU.ActiveCfg = Release|Any CPU
		{2B138229-A05A-477D-9063-833A0C9E674D}.Release|Any CPU.Build.0 = Release|Any CPU
		{8F2A92D0-8862-4CF7-9C95-120681F5A689}.Debug|Any CPU.ActiveCfg = Debug|Any CPU
		{8F2A92D0-8862-4CF7-9C95-120681F5A689}.Debug|Any CPU.Build.0 = Debug|Any CPU
		{8F2A92D0-8862-4CF7-9C95-120681F5A689}.Release|Any CPU.ActiveCfg = Release|Any CPU
		{8F2A92D0-8862-4CF7-9C95-120681F5A689}.Release|Any CPU.Build.0 = Release|Any CPU
		{A5344EFC-0550-4C3B-B066-9841645ECE1B}.Debug|Any CPU.ActiveCfg = Debug|Any CPU
		{A5344EFC-0550-4C3B-B066-9841645ECE1B}.Debug|Any CPU.Build.0 = Debug|Any CPU
		{A5344EFC-0550-4C3B-B066-9841645ECE1B}.Release|Any CPU.ActiveCfg = Release|Any CPU
		{A5344EFC-0550-4C3B-B066-9841645ECE1B}.Release|Any CPU.Build.0 = Release|Any CPU
		{1EE8CAD3-55F9-4D91-96B2-084641DA9A6C}.Debug|Any CPU.ActiveCfg = Debug|Any CPU
		{1EE8CAD3-55F9-4D91-96B2-084641DA9A6C}.Debug|Any CPU.Build.0 = Debug|Any CPU
		{1EE8CAD3-55F9-4D91-96B2-084641DA9A6C}.Release|Any CPU.ActiveCfg = Release|Any CPU
		{1EE8CAD3-55F9-4D91-96B2-084641DA9A6C}.Release|Any CPU.Build.0 = Release|Any CPU
		{B501A547-C911-4A05-AC6E-274A50DFF30E}.Debug|Any CPU.ActiveCfg = Debug|Any CPU
		{B501A547-C911-4A05-AC6E-274A50DFF30E}.Debug|Any CPU.Build.0 = Debug|Any CPU
		{B501A547-C911-4A05-AC6E-274A50DFF30E}.Release|Any CPU.ActiveCfg = Release|Any CPU
		{B501A547-C911-4A05-AC6E-274A50DFF30E}.Release|Any CPU.Build.0 = Release|Any CPU
		{870F71A1-76E0-4F6D-9651-42E9FCEBC294}.Debug|Any CPU.ActiveCfg = Release|Any CPU
		{870F71A1-76E0-4F6D-9651-42E9FCEBC294}.Debug|Any CPU.Build.0 = Release|Any CPU
		{870F71A1-76E0-4F6D-9651-42E9FCEBC294}.Release|Any CPU.ActiveCfg = Release|Any CPU
		{870F71A1-76E0-4F6D-9651-42E9FCEBC294}.Release|Any CPU.Build.0 = Release|Any CPU
	EndGlobalSection
	GlobalSection(SolutionProperties) = preSolution
		HideSolutionNode = FALSE
	EndGlobalSection
	GlobalSection(NestedProjects) = preSolution
		{1EE8CAD3-55F9-4D91-96B2-084641DA9A6C} = {2E6BAEEC-54CA-45D7-9603-ECBDC777052D}
		{B501A547-C911-4A05-AC6E-274A50DFF30E} = {2E6BAEEC-54CA-45D7-9603-ECBDC777052D}
	EndGlobalSection
EndGlobal
